
Microsoft Visual Studio Solution File, Format Version 12.00
# Visual Studio Version 17
VisualStudioVersion = 17.2.32519.379
MinimumVisualStudioVersion = 10.0.40219.1
Project("{9A19103F-16F7-4668-BE54-9A1E7A4F7556}") = "SingleResponsibility", "SingleResponsibility\SingleResponsibility.csproj", "{768BB644-B177-41EF-A77A-C103EDC89DCA}"
EndProject
Project("{9A19103F-16F7-4668-BE54-9A1E7A4F7556}") = "OpenClosed", "OpenClosed\OpenClosed.csproj", "{BE6364CC-3E2B-4D8C-9438-B0362DDB5DAF}"
EndProject
Project("{FAE04EC0-301F-11D3-BF4B-00C04F79EFBC}") = "LiskovSubstitution", "LiskovSubstitution\LiskovSubstitution.csproj", "{707485E4-779B-432D-B46A-A59482F312FF}"
EndProject
Project("{FAE04EC0-301F-11D3-BF4B-00C04F79EFBC}") = "InterfaceSegragation", "InterfaceSegragation\InterfaceSegragation.csproj", "{F9DD86DF-BE37-4F21-8F46-577F208E303F}"
EndProject
Project("{FAE04EC0-301F-11D3-BF4B-00C04F79EFBC}") = "DependencyInversion", "DependencyInversion\DependencyInversion.csproj", "{59E6051A-5D60-4236-9BD8-8B4D5240390A}"
EndProject
Global
	GlobalSection(SolutionConfigurationPlatforms) = preSolution
		Debug|Any CPU = Debug|Any CPU
		Release|Any CPU = Release|Any CPU
	EndGlobalSection
	GlobalSection(ProjectConfigurationPlatforms) = postSolution
		{768BB644-B177-41EF-A77A-C103EDC89DCA}.Debug|Any CPU.ActiveCfg = Debug|Any CPU
		{768BB644-B177-41EF-A77A-C103EDC89DCA}.Debug|Any CPU.Build.0 = Debug|Any CPU
		{768BB644-B177-41EF-A77A-C103EDC89DCA}.Release|Any CPU.ActiveCfg = Release|Any CPU
		{768BB644-B177-41EF-A77A-C103EDC89DCA}.Release|Any CPU.Build.0 = Release|Any CPU
		{BE6364CC-3E2B-4D8C-9438-B0362DDB5DAF}.Debug|Any CPU.ActiveCfg = Debug|Any CPU
		{BE6364CC-3E2B-4D8C-9438-B0362DDB5DAF}.Debug|Any CPU.Build.0 = Debug|Any CPU
		{BE6364CC-3E2B-4D8C-9438-B0362DDB5DAF}.Release|Any CPU.ActiveCfg = Release|Any CPU
		{BE6364CC-3E2B-4D8C-9438-B0362DDB5DAF}.Release|Any CPU.Build.0 = Release|Any CPU
		{707485E4-779B-432D-B46A-A59482F312FF}.Debug|Any CPU.ActiveCfg = Debug|Any CPU
		{707485E4-779B-432D-B46A-A59482F312FF}.Debug|Any CPU.Build.0 = Debug|Any CPU
		{707485E4-779B-432D-B46A-A59482F312FF}.Release|Any CPU.ActiveCfg = Release|Any CPU
		{707485E4-779B-432D-B46A-A59482F312FF}.Release|Any CPU.Build.0 = Release|Any CPU
		{F9DD86DF-BE37-4F21-8F46-577F208E303F}.Debug|Any CPU.ActiveCfg = Debug|Any CPU
		{F9DD86DF-BE37-4F21-8F46-577F208E303F}.Debug|Any CPU.Build.0 = Debug|Any CPU
		{F9DD86DF-BE37-4F21-8F46-577F208E303F}.Release|Any CPU.ActiveCfg = Release|Any CPU
		{F9DD86DF-BE37-4F21-8F46-577F208E303F}.Release|Any CPU.Build.0 = Release|Any CPU
		{59E6051A-5D60-4236-9BD8-8B4D5240390A}.Debug|Any CPU.ActiveCfg = Debug|Any CPU
		{59E6051A-5D60-4236-9BD8-8B4D5240390A}.Debug|Any CPU.Build.0 = Debug|Any CPU
		{59E6051A-5D60-4236-9BD8-8B4D5240390A}.Release|Any CPU.ActiveCfg = Release|Any CPU
		{59E6051A-5D60-4236-9BD8-8B4D5240390A}.Release|Any CPU.Build.0 = Release|Any CPU
	EndGlobalSection
	GlobalSection(SolutionProperties) = preSolution
		HideSolutionNode = FALSE
	EndGlobalSection
	GlobalSection(ExtensibilityGlobals) = postSolution
		SolutionGuid = {86264229-080F-4DC6-A981-FA32BCC5F61B}
	EndGlobalSection
EndGlobal
